{
  "requires": true,
  "lockfileVersion": 1,
  "dependencies": {
    "ngx-bootstrap": {
      "version": "5.1.1",
      "resolved": "https://registry.npmjs.org/ngx-bootstrap/-/ngx-bootstrap-5.1.1.tgz",
      "integrity": "sha512-++6+YHbIWTR/3sHH9C0aelIP25KMKhylWSEet6HonZfVr8quzEUjq6xEzTnDbZpnxlly2j58Gg0O9DWXu0UCxA=="
    },
    "ngx-toastr": {
      "version": "10.1.0",
      "resolved": "https://registry.npmjs.org/ngx-toastr/-/ngx-toastr-10.1.0.tgz",
      "integrity": "sha512-LXGL8jKIm0SGklkXytNKbR6VrF94all35SaUfgd1gOUzgllTW2ldqORDZlgIaiMB3Dcybaald8p3boEHvfjEIQ==",
      "requires": {
        "tslib": "^1.9.0"
      }
    },
    "tslib": {
      "version": "1.10.0",
      "resolved": "https://registry.npmjs.org/tslib/-/tslib-1.10.0.tgz",
      "integrity": "sha512-qOebF53frne81cf0S9B41ByenJ3/IuH8yJKngAX35CmiZySA0khhkovshKK+jGCaMnVomla7gVlIcc3EvKPbTQ=="
    }
  }
}
