
Microsoft Visual Studio Solution File, Format Version 12.00
# Visual Studio 15
VisualStudioVersion = 15.0.26124.0
MinimumVisualStudioVersion = 15.0.26124.0
Project("{FAE04EC0-301F-11D3-BF4B-00C04F79EFBC}") = "ProAgil.API", "ProAgil.API\ProAgil.API.csproj", "{A7407ACC-DE37-41A1-9825-79076BEA9CD7}"
EndProject
Project("{FAE04EC0-301F-11D3-BF4B-00C04F79EFBC}") = "ProAgil.Domain", "ProAgil.Domain\ProAgil.Domain.csproj", "{0764256C-E9BF-4F32-8516-A72F896A9DB7}"
EndProject
Project("{FAE04EC0-301F-11D3-BF4B-00C04F79EFBC}") = "ProAgil.Repository", "ProAgil.Repository\ProAgil.Repository.csproj", "{9684E33E-02A6-470A-981A-7B03C33A31E1}"
EndProject
Global
	GlobalSection(SolutionConfigurationPlatforms) = preSolution
		Debug|Any CPU = Debug|Any CPU
		Debug|x64 = Debug|x64
		Debug|x86 = Debug|x86
		Release|Any CPU = Release|Any CPU
		Release|x64 = Release|x64
		Release|x86 = Release|x86
	EndGlobalSection
	GlobalSection(SolutionProperties) = preSolution
		HideSolutionNode = FALSE
	EndGlobalSection
	GlobalSection(ProjectConfigurationPlatforms) = postSolution
		{A7407ACC-DE37-41A1-9825-79076BEA9CD7}.Debug|Any CPU.ActiveCfg = Debug|Any CPU
		{A7407ACC-DE37-41A1-9825-79076BEA9CD7}.Debug|Any CPU.Build.0 = Debug|Any CPU
		{A7407ACC-DE37-41A1-9825-79076BEA9CD7}.Debug|x64.ActiveCfg = Debug|Any CPU
		{A7407ACC-DE37-41A1-9825-79076BEA9CD7}.Debug|x64.Build.0 = Debug|Any CPU
		{A7407ACC-DE37-41A1-9825-79076BEA9CD7}.Debug|x86.ActiveCfg = Debug|Any CPU
		{A7407ACC-DE37-41A1-9825-79076BEA9CD7}.Debug|x86.Build.0 = Debug|Any CPU
		{A7407ACC-DE37-41A1-9825-79076BEA9CD7}.Release|Any CPU.ActiveCfg = Release|Any CPU
		{A7407ACC-DE37-41A1-9825-79076BEA9CD7}.Release|Any CPU.Build.0 = Release|Any CPU
		{A7407ACC-DE37-41A1-9825-79076BEA9CD7}.Release|x64.ActiveCfg = Release|Any CPU
		{A7407ACC-DE37-41A1-9825-79076BEA9CD7}.Release|x64.Build.0 = Release|Any CPU
		{A7407ACC-DE37-41A1-9825-79076BEA9CD7}.Release|x86.ActiveCfg = Release|Any CPU
		{A7407ACC-DE37-41A1-9825-79076BEA9CD7}.Release|x86.Build.0 = Release|Any CPU
		{0764256C-E9BF-4F32-8516-A72F896A9DB7}.Debug|Any CPU.ActiveCfg = Debug|Any CPU
		{0764256C-E9BF-4F32-8516-A72F896A9DB7}.Debug|Any CPU.Build.0 = Debug|Any CPU
		{0764256C-E9BF-4F32-8516-A72F896A9DB7}.Debug|x64.ActiveCfg = Debug|Any CPU
		{0764256C-E9BF-4F32-8516-A72F896A9DB7}.Debug|x64.Build.0 = Debug|Any CPU
		{0764256C-E9BF-4F32-8516-A72F896A9DB7}.Debug|x86.ActiveCfg = Debug|Any CPU
		{0764256C-E9BF-4F32-8516-A72F896A9DB7}.Debug|x86.Build.0 = Debug|Any CPU
		{0764256C-E9BF-4F32-8516-A72F896A9DB7}.Release|Any CPU.ActiveCfg = Release|Any CPU
		{0764256C-E9BF-4F32-8516-A72F896A9DB7}.Release|Any CPU.Build.0 = Release|Any CPU
		{0764256C-E9BF-4F32-8516-A72F896A9DB7}.Release|x64.ActiveCfg = Release|Any CPU
		{0764256C-E9BF-4F32-8516-A72F896A9DB7}.Release|x64.Build.0 = Release|Any CPU
		{0764256C-E9BF-4F32-8516-A72F896A9DB7}.Release|x86.ActiveCfg = Release|Any CPU
		{0764256C-E9BF-4F32-8516-A72F896A9DB7}.Release|x86.Build.0 = Release|Any CPU
		{9684E33E-02A6-470A-981A-7B03C33A31E1}.Debug|Any CPU.ActiveCfg = Debug|Any CPU
		{9684E33E-02A6-470A-981A-7B03C33A31E1}.Debug|Any CPU.Build.0 = Debug|Any CPU
		{9684E33E-02A6-470A-981A-7B03C33A31E1}.Debug|x64.ActiveCfg = Debug|Any CPU
		{9684E33E-02A6-470A-981A-7B03C33A31E1}.Debug|x64.Build.0 = Debug|Any CPU
		{9684E33E-02A6-470A-981A-7B03C33A31E1}.Debug|x86.ActiveCfg = Debug|Any CPU
		{9684E33E-02A6-470A-981A-7B03C33A31E1}.Debug|x86.Build.0 = Debug|Any CPU
		{9684E33E-02A6-470A-981A-7B03C33A31E1}.Release|Any CPU.ActiveCfg = Release|Any CPU
		{9684E33E-02A6-470A-981A-7B03C33A31E1}.Release|Any CPU.Build.0 = Release|Any CPU
		{9684E33E-02A6-470A-981A-7B03C33A31E1}.Release|x64.ActiveCfg = Release|Any CPU
		{9684E33E-02A6-470A-981A-7B03C33A31E1}.Release|x64.Build.0 = Release|Any CPU
		{9684E33E-02A6-470A-981A-7B03C33A31E1}.Release|x86.ActiveCfg = Release|Any CPU
		{9684E33E-02A6-470A-981A-7B03C33A31E1}.Release|x86.Build.0 = Release|Any CPU
	EndGlobalSection
EndGlobal
